// !$*UTF8*$!
{
	archiveVersion = 1;
	classes = {
	};
	objectVersion = 56;
	objects = {

/* Begin PBXBuildFile section */
		A03E07E72A03FC1E0021B7C6 /* ARStatePersistance.swift in Sources */ = {isa = PBXBuildFile; fileRef = A03E07E62A03FC1E0021B7C6 /* ARStatePersistance.swift */; };
		A0C1CD1829D5D50600B212AE /* AppDelegate.swift in Sources */ = {isa = PBXBuildFile; fileRef = A0C1CD1729D5D50600B212AE /* AppDelegate.swift */; };
		A0C1CD1A29D5D50600B212AE /* ContentView.swift in Sources */ = {isa = PBXBuildFile; fileRef = A0C1CD1929D5D50600B212AE /* ContentView.swift */; };
		A0C1CD1E29D5D50700B212AE /* Assets.xcassets in Resources */ = {isa = PBXBuildFile; fileRef = A0C1CD1D29D5D50700B212AE /* Assets.xcassets */; };
		A0C1CD2129D5D50700B212AE /* Preview Assets.xcassets in Resources */ = {isa = PBXBuildFile; fileRef = A0C1CD2029D5D50700B212AE /* Preview Assets.xcassets */; };
		A0C1CD2C29D5E46100B212AE /* toy_drummer_idle.usdz in Resources */ = {isa = PBXBuildFile; fileRef = A0C1CD2829D5E46100B212AE /* toy_drummer_idle.usdz */; };
		A0C1CD2D29D5E46100B212AE /* toy_car.usdz in Resources */ = {isa = PBXBuildFile; fileRef = A0C1CD2929D5E46100B212AE /* toy_car.usdz */; };
		A0C1CD2E29D5E46100B212AE /* toy_biplane_idle.usdz in Resources */ = {isa = PBXBuildFile; fileRef = A0C1CD2A29D5E46100B212AE /* toy_biplane_idle.usdz */; };
		A0C1CD2F29D5E46100B212AE /* robot_walk_idle.usdz in Resources */ = {isa = PBXBuildFile; fileRef = A0C1CD2B29D5E46100B212AE /* robot_walk_idle.usdz */; };
/* End PBXBuildFile section */

/* Begin PBXFileReference section */
		A03E07E62A03FC1E0021B7C6 /* ARStatePersistance.swift */ = {isa = PBXFileReference; lastKnownFileType = sourcecode.swift; path = ARStatePersistance.swift; sourceTree = "<group>"; };
		A03E07E82A0408ED0021B7C6 /* Test.txt */ = {isa = PBXFileReference; lastKnownFileType = text; path = Test.txt; sourceTree = "<group>"; };
		A0C1CD1429D5D50600B212AE /* Hello-AR.app */ = {isa = PBXFileReference; explicitFileType = wrapper.application; includeInIndex = 0; path = "Hello-AR.app"; sourceTree = BUILT_PRODUCTS_DIR; };
		A0C1CD1729D5D50600B212AE /* AppDelegate.swift */ = {isa = PBXFileReference; lastKnownFileType = sourcecode.swift; path = AppDelegate.swift; sourceTree = "<group>"; };
		A0C1CD1929D5D50600B212AE /* ContentView.swift */ = {isa = PBXFileReference; lastKnownFileType = sourcecode.swift; path = ContentView.swift; sourceTree = "<group>"; };
		A0C1CD1D29D5D50700B212AE /* Assets.xcassets */ = {isa = PBXFileReference; lastKnownFileType = folder.assetcatalog; path = Assets.xcassets; sourceTree = "<group>"; };
		A0C1CD2029D5D50700B212AE /* Preview Assets.xcassets */ = {isa = PBXFileReference; lastKnownFileType = folder.assetcatalog; path = "Preview Assets.xcassets"; sourceTree = "<group>"; };
		A0C1CD2829D5E46100B212AE /* toy_drummer_idle.usdz */ = {isa = PBXFileReference; lastKnownFileType = file.usdz; path = toy_drummer_idle.usdz; sourceTree = "<group>"; };
		A0C1CD2929D5E46100B212AE /* toy_car.usdz */ = {isa = PBXFileReference; lastKnownFileType = file.usdz; path = toy_car.usdz; sourceTree = "<group>"; };
		A0C1CD2A29D5E46100B212AE /* toy_biplane_idle.usdz */ = {isa = PBXFileReference; lastKnownFileType = file.usdz; path = toy_biplane_idle.usdz; sourceTree = "<group>"; };
		A0C1CD2B29D5E46100B212AE /* robot_walk_idle.usdz */ = {isa = PBXFileReference; lastKnownFileType = file.usdz; path = robot_walk_idle.usdz; sourceTree = "<group>"; };
/* End PBXFileReference section */

/* Begin PBXFrameworksBuildPhase section */
		A0C1CD1129D5D50600B212AE /* Frameworks */ = {
			isa = PBXFrameworksBuildPhase;
			buildActionMask = 2147483647;
			files = (
			);
			runOnlyForDeploymentPostprocessing = 0;
		};
/* End PBXFrameworksBuildPhase section */

/* Begin PBXGroup section */
		A0C1CD0B29D5D50600B212AE = {
			isa = PBXGroup;
			children = (
				A0C1CD1629D5D50600B212AE /* Hello-AR */,
				A0C1CD1529D5D50600B212AE /* Products */,
			);
			sourceTree = "<group>";
		};
		A0C1CD1529D5D50600B212AE /* Products */ = {
			isa = PBXGroup;
			children = (
				A0C1CD1429D5D50600B212AE /* Hello-AR.app */,
			);
			name = Products;
			sourceTree = "<group>";
		};
		A0C1CD1629D5D50600B212AE /* Hello-AR */ = {
			isa = PBXGroup;
			children = (
				A0C1CD1729D5D50600B212AE /* AppDelegate.swift */,
				A0C1CD1929D5D50600B212AE /* ContentView.swift */,
				A03E07E62A03FC1E0021B7C6 /* ARStatePersistance.swift */,
				A03E07E82A0408ED0021B7C6 /* Test.txt */,
				A0C1CD2729D5E41100B212AE /* Assets */,
				A0C1CD1D29D5D50700B212AE /* Assets.xcassets */,
				A0C1CD1F29D5D50700B212AE /* Preview Content */,
			);
			path = "Hello-AR";
			sourceTree = "<group>";
		};
		A0C1CD1F29D5D50700B212AE /* Preview Content */ = {
			isa = PBXGroup;
			children = (
				A0C1CD2029D5D50700B212AE /* Preview Assets.xcassets */,
			);
			path = "Preview Content";
			sourceTree = "<group>";
		};
		A0C1CD2729D5E41100B212AE /* Assets */ = {
			isa = PBXGroup;
			children = (
				A0C1CD2B29D5E46100B212AE /* robot_walk_idle.usdz */,
				A0C1CD2A29D5E46100B212AE /* toy_biplane_idle.usdz */,
				A0C1CD2929D5E46100B212AE /* toy_car.usdz */,
				A0C1CD2829D5E46100B212AE /* toy_drummer_idle.usdz */,
			);
			path = Assets;
			sourceTree = "<group>";
		};
/* End PBXGroup section */

/* Begin PBXNativeTarget section */
		A0C1CD1329D5D50600B212AE /* Hello-AR */ = {
			isa = PBXNativeTarget;
			buildConfigurationList = A0C1CD2429D5D50700B212AE /* Build configuration list for PBXNativeTarget "Hello-AR" */;
			buildPhases = (
				A0C1CD1029D5D50600B212AE /* Sources */,
				A0C1CD1129D5D50600B212AE /* Frameworks */,
				A0C1CD1229D5D50600B212AE /* Resources */,
			);
			buildRules = (
			);
			dependencies = (
			);
			name = "Hello-AR";
			packageProductDependencies = (
			);
			productName = "Hello-AR";
			productReference = A0C1CD1429D5D50600B212AE /* Hello-AR.app */;
			productType = "com.apple.product-type.application";
		};
/* End PBXNativeTarget section */

/* Begin PBXProject section */
		A0C1CD0C29D5D50600B212AE /* Project object */ = {
			isa = PBXProject;
			attributes = {
				BuildIndependentTargetsInParallel = 1;
				LastSwiftUpdateCheck = 1420;
				LastUpgradeCheck = 1420;
				TargetAttributes = {
					A0C1CD1329D5D50600B212AE = {
						CreatedOnToolsVersion = 14.2;
					};
				};
			};
			buildConfigurationList = A0C1CD0F29D5D50600B212AE /* Build configuration list for PBXProject "Hello-AR" */;
			compatibilityVersion = "Xcode 14.0";
			developmentRegion = en;
			hasScannedForEncodings = 0;
			knownRegions = (
				en,
				Base,
			);
			mainGroup = A0C1CD0B29D5D50600B212AE;
			packageReferences = (
				A03E07E329F531E50021B7C6 /* XCRemoteSwiftPackageReference "FocusEntity" */,
			);
			productRefGroup = A0C1CD1529D5D50600B212AE /* Products */;
			projectDirPath = "";
			projectRoot = "";
			targets = (
				A0C1CD1329D5D50600B212AE /* Hello-AR */,
			);
		};
/* End PBXProject section */

/* Begin PBXResourcesBuildPhase section */
		A0C1CD1229D5D50600B212AE /* Resources */ = {
			isa = PBXResourcesBuildPhase;
			buildActionMask = 2147483647;
			files = (
				A0C1CD2129D5D50700B212AE /* Preview Assets.xcassets in Resources */,
				A0C1CD2E29D5E46100B212AE /* toy_biplane_idle.usdz in Resources */,
				A0C1CD2D29D5E46100B212AE /* toy_car.usdz in Resources */,
				A0C1CD1E29D5D50700B212AE /* Assets.xcassets in Resources */,
				A0C1CD2C29D5E46100B212AE /* toy_drummer_idle.usdz in Resources */,
				A0C1CD2F29D5E46100B212AE /* robot_walk_idle.usdz in Resources */,
			);
			runOnlyForDeploymentPostprocessing = 0;
		};
/* End PBXResourcesBuildPhase section */

/* Begin PBXSourcesBuildPhase section */
		A0C1CD1029D5D50600B212AE /* Sources */ = {
			isa = PBXSourcesBuildPhase;
			buildActionMask = 2147483647;
			files = (
				A0C1CD1A29D5D50600B212AE /* ContentView.swift in Sources */,
				A03E07E72A03FC1E0021B7C6 /* ARStatePersistance.swift in Sources */,
				A0C1CD1829D5D50600B212AE /* AppDelegate.swift in Sources */,
			);
			runOnlyForDeploymentPostprocessing = 0;
		};
/* End PBXSourcesBuildPhase section */

/* Begin XCBuildConfiguration section */
		A0C1CD2229D5D50700B212AE /* Debug */ = {
			isa = XCBuildConfiguration;
			buildSettings = {
				ALWAYS_SEARCH_USER_PATHS = NO;
				CLANG_ANALYZER_NONNULL = YES;
				CLANG_ANALYZER_NUMBER_OBJECT_CONVERSION = YES_AGGRESSIVE;
				CLANG_CXX_LANGUAGE_STANDARD = "gnu++20";
				CLANG_ENABLE_MODULES = YES;
				CLANG_ENABLE_OBJC_ARC = YES;
				CLANG_ENABLE_OBJC_WEAK = YES;
				CLANG_WARN_BLOCK_CAPTURE_AUTORELEASING = YES;
				CLANG_WARN_BOOL_CONVERSION = YES;
				CLANG_WARN_COMMA = YES;
				CLANG_WARN_CONSTANT_CONVERSION = YES;
				CLANG_WARN_DEPRECATED_OBJC_IMPLEMENTATIONS = YES;
				CLANG_WARN_DIRECT_OBJC_ISA_USAGE = YES_ERROR;
				CLANG_WARN_DOCUMENTATION_COMMENTS = YES;
				CLANG_WARN_EMPTY_BODY = YES;
				CLANG_WARN_ENUM_CONVERSION = YES;
				CLANG_WARN_INFINITE_RECURSION = YES;
				CLANG_WARN_INT_CONVERSION = YES;
				CLANG_WARN_NON_LITERAL_NULL_CONVERSION = YES;
				CLANG_WARN_OBJC_IMPLICIT_RETAIN_SELF = YES;
				CLANG_WARN_OBJC_LITERAL_CONVERSION = YES;
				CLANG_WARN_OBJC_ROOT_CLASS = YES_ERROR;
				CLANG_WARN_QUOTED_INCLUDE_IN_FRAMEWORK_HEADER = YES;
				CLANG_WARN_RANGE_LOOP_ANALYSIS = YES;
				CLANG_WARN_STRICT_PROTOTYPES = YES;
				CLANG_WARN_SUSPICIOUS_MOVE = YES;
				CLANG_WARN_UNGUARDED_AVAILABILITY = YES_AGGRESSIVE;
				CLANG_WARN_UNREACHABLE_CODE = YES;
				CLANG_WARN__DUPLICATE_METHOD_MATCH = YES;
				COPY_PHASE_STRIP = NO;
				DEBUG_INFORMATION_FORMAT = dwarf;
				ENABLE_STRICT_OBJC_MSGSEND = YES;
				ENABLE_TESTABILITY = YES;
				GCC_C_LANGUAGE_STANDARD = gnu11;
				GCC_DYNAMIC_NO_PIC = NO;
				GCC_NO_COMMON_BLOCKS = YES;
				GCC_OPTIMIZATION_LEVEL = 0;
				GCC_PREPROCESSOR_DEFINITIONS = (
					"DEBUG=1",
					"$(inherited)",
				);
				GCC_WARN_64_TO_32_BIT_CONVERSION = YES;
				GCC_WARN_ABOUT_RETURN_TYPE = YES_ERROR;
				GCC_WARN_UNDECLARED_SELECTOR = YES;
				GCC_WARN_UNINITIALIZED_AUTOS = YES_AGGRESSIVE;
				GCC_WARN_UNUSED_FUNCTION = YES;
				GCC_WARN_UNUSED_VARIABLE = YES;
				IPHONEOS_DEPLOYMENT_TARGET = 16.2;
				MTL_ENABLE_DEBUG_INFO = INCLUDE_SOURCE;
				MTL_FAST_MATH = YES;
				ONLY_ACTIVE_ARCH = YES;
				SDKROOT = iphoneos;
				SWIFT_ACTIVE_COMPILATION_CONDITIONS = DEBUG;
				SWIFT_OPTIMIZATION_LEVEL = "-Onone";
			};
			name = Debug;
		};
		A0C1CD2329D5D50700B212AE /* Release */ = {
			isa = XCBuildConfiguration;
			buildSettings = {
				ALWAYS_SEARCH_USER_PATHS = NO;
				CLANG_ANALYZER_NONNULL = YES;
				CLANG_ANALYZER_NUMBER_OBJECT_CONVERSION = YES_AGGRESSIVE;
				CLANG_CXX_LANGUAGE_STANDARD = "gnu++20";
				CLANG_ENABLE_MODULES = YES;
				CLANG_ENABLE_OBJC_ARC = YES;
				CLANG_ENABLE_OBJC_WEAK = YES;
				CLANG_WARN_BLOCK_CAPTURE_AUTORELEASING = YES;
				CLANG_WARN_BOOL_CONVERSION = YES;
				CLANG_WARN_COMMA = YES;
				CLANG_WARN_CONSTANT_CONVERSION = YES;
				CLANG_WARN_DEPRECATED_OBJC_IMPLEMENTATIONS = YES;
				CLANG_WARN_DIRECT_OBJC_ISA_USAGE = YES_ERROR;
				CLANG_WARN_DOCUMENTATION_COMMENTS = YES;
				CLANG_WARN_EMPTY_BODY = YES;
				CLANG_WARN_ENUM_CONVERSION = YES;
				CLANG_WARN_INFINITE_RECURSION = YES;
				CLANG_WARN_INT_CONVERSION = YES;
				CLANG_WARN_NON_LITERAL_NULL_CONVERSION = YES;
				CLANG_WARN_OBJC_IMPLICIT_RETAIN_SELF = YES;
				CLANG_WARN_OBJC_LITERAL_CONVERSION = YES;
				CLANG_WARN_OBJC_ROOT_CLASS = YES_ERROR;
				CLANG_WARN_QUOTED_INCLUDE_IN_FRAMEWORK_HEADER = YES;
				CLANG_WARN_RANGE_LOOP_ANALYSIS = YES;
				CLANG_WARN_STRICT_PROTOTYPES = YES;
				CLANG_WARN_SUSPICIOUS_MOVE = YES;
				CLANG_WARN_UNGUARDED_AVAILABILITY = YES_AGGRESSIVE;
				CLANG_WARN_UNREACHABLE_CODE = YES;
				CLANG_WARN__DUPLICATE_METHOD_MATCH = YES;
				COPY_PHASE_STRIP = NO;
				DEBUG_INFORMATION_FORMAT = "dwarf-with-dsym";
				ENABLE_NS_ASSERTIONS = NO;
				ENABLE_STRICT_OBJC_MSGSEND = YES;
				GCC_C_LANGUAGE_STANDARD = gnu11;
				GCC_NO_COMMON_BLOCKS = YES;
				GCC_WARN_64_TO_32_BIT_CONVERSION = YES;
				GCC_WARN_ABOUT_RETURN_TYPE = YES_ERROR;
				GCC_WARN_UNDECLARED_SELECTOR = YES;
				GCC_WARN_UNINITIALIZED_AUTOS = YES_AGGRESSIVE;
				GCC_WARN_UNUSED_FUNCTION = YES;
				GCC_WARN_UNUSED_VARIABLE = YES;
				IPHONEOS_DEPLOYMENT_TARGET = 16.2;
				MTL_ENABLE_DEBUG_INFO = NO;
				MTL_FAST_MATH = YES;
				SDKROOT = iphoneos;
				SWIFT_COMPILATION_MODE = wholemodule;
				SWIFT_OPTIMIZATION_LEVEL = "-O";
				VALIDATE_PRODUCT = YES;
			};
			name = Release;
		};
		A0C1CD2529D5D50700B212AE /* Debug */ = {
			isa = XCBuildConfiguration;
			buildSettings = {
				ASSETCATALOG_COMPILER_APPICON_NAME = AppIcon;
				ASSETCATALOG_COMPILER_GLOBAL_ACCENT_COLOR_NAME = AccentColor;
				CODE_SIGN_STYLE = Automatic;
				CURRENT_PROJECT_VERSION = 1;
				DEVELOPMENT_ASSET_PATHS = "\"Hello-AR/Preview Content\"";
				DEVELOPMENT_TEAM = QS49243NCG;
				ENABLE_PREVIEWS = YES;
				GENERATE_INFOPLIST_FILE = YES;
				INFOPLIST_KEY_NSCameraUsageDescription = "";
				INFOPLIST_KEY_UIApplicationSupportsIndirectInputEvents = YES;
				INFOPLIST_KEY_UILaunchScreen_Generation = YES;
				INFOPLIST_KEY_UIRequiredDeviceCapabilities = arkit;
				INFOPLIST_KEY_UIStatusBarHidden = YES;
				INFOPLIST_KEY_UISupportedInterfaceOrientations_iPad = "UIInterfaceOrientationPortrait UIInterfaceOrientationPortraitUpsideDown UIInterfaceOrientationLandscapeLeft UIInterfaceOrientationLandscapeRight";
				INFOPLIST_KEY_UISupportedInterfaceOrientations_iPhone = "UIInterfaceOrientationPortrait UIInterfaceOrientationLandscapeLeft UIInterfaceOrientationLandscapeRight";
				LD_RUNPATH_SEARCH_PATHS = (
					"$(inherited)",
					"@executable_path/Frameworks",
				);
				MARKETING_VERSION = 1.0;
				PRODUCT_BUNDLE_IDENTIFIER = "AR.Hello-AR";
				PRODUCT_NAME = "$(TARGET_NAME)";
				SWIFT_EMIT_LOC_STRINGS = YES;
				SWIFT_VERSION = 5.0;
				TARGETED_DEVICE_FAMILY = "1,2";
			};
			name = Debug;
		};
		A0C1CD2629D5D50700B212AE /* Release */ = {
			isa = XCBuildConfiguration;
			buildSettings = {
				ASSETCATALOG_COMPILER_APPICON_NAME = AppIcon;
				ASSETCATALOG_COMPILER_GLOBAL_ACCENT_COLOR_NAME = AccentColor;
				CODE_SIGN_STYLE = Automatic;
				CURRENT_PROJECT_VERSION = 1;
				DEVELOPMENT_ASSET_PATHS = "\"Hello-AR/Preview Content\"";
				DEVELOPMENT_TEAM = QS49243NCG;
				ENABLE_PREVIEWS = YES;
				GENERATE_INFOPLIST_FILE = YES;
				INFOPLIST_KEY_NSCameraUsageDescription = "";
				INFOPLIST_KEY_UIApplicationSupportsIndirectInputEvents = YES;
				INFOPLIST_KEY_UILaunchScreen_Generation = YES;
				INFOPLIST_KEY_UIRequiredDeviceCapabilities = arkit;
				INFOPLIST_KEY_UIStatusBarHidden = YES;
				INFOPLIST_KEY_UISupportedInterfaceOrientations_iPad = "UIInterfaceOrientationPortrait UIInterfaceOrientationPortraitUpsideDown UIInterfaceOrientationLandscapeLeft UIInterfaceOrientationLandscapeRight";
				INFOPLIST_KEY_UISupportedInterfaceOrientations_iPhone = "UIInterfaceOrientationPortrait UIInterfaceOrientationLandscapeLeft UIInterfaceOrientationLandscapeRight";
				LD_RUNPATH_SEARCH_PATHS = (
					"$(inherited)",
					"@executable_path/Frameworks",
				);
				MARKETING_VERSION = 1.0;
				PRODUCT_BUNDLE_IDENTIFIER = "AR.Hello-AR";
				PRODUCT_NAME = "$(TARGET_NAME)";
				SWIFT_EMIT_LOC_STRINGS = YES;
				SWIFT_VERSION = 5.0;
				TARGETED_DEVICE_FAMILY = "1,2";
			};
			name = Release;
		};
/* End XCBuildConfiguration section */

/* Begin XCConfigurationList section */
		A0C1CD0F29D5D50600B212AE /* Build configuration list for PBXProject "Hello-AR" */ = {
			isa = XCConfigurationList;
			buildConfigurations = (
				A0C1CD2229D5D50700B212AE /* Debug */,
				A0C1CD2329D5D50700B212AE /* Release */,
			);
			defaultConfigurationIsVisible = 0;
			defaultConfigurationName = Release;
		};
		A0C1CD2429D5D50700B212AE /* Build configuration list for PBXNativeTarget "Hello-AR" */ = {
			isa = XCConfigurationList;
			buildConfigurations = (
				A0C1CD2529D5D50700B212AE /* Debug */,
				A0C1CD2629D5D50700B212AE /* Release */,
			);
			defaultConfigurationIsVisible = 0;
			defaultConfigurationName = Release;
		};
/* End XCConfigurationList section */

/* Begin XCRemoteSwiftPackageReference section */
		A03E07E329F531E50021B7C6 /* XCRemoteSwiftPackageReference "FocusEntity" */ = {
			isa = XCRemoteSwiftPackageReference;
			repositoryURL = "https://github.com/maxxfrazer/FocusEntity";
			requirement = {
				kind = upToNextMajorVersion;
				minimumVersion = 2.0.0;
			};
		};
/* End XCRemoteSwiftPackageReference section */
	};
	rootObject = A0C1CD0C29D5D50600B212AE /* Project object */;
}
